
Microsoft Visual Studio Solution File, Format Version 12.00
# Visual Studio for Mac
Project("{FAE04EC0-301F-11D3-BF4B-00C04F79EFBC}") = "project0", "Assembly-CSharp.csproj", "{A80EA484-158E-643F-05BE-E073F0DD142F}"
EndProject
Project("{FAE04EC0-301F-11D3-BF4B-00C04F79EFBC}") = "project0", "Assembly-CSharp-Editor.csproj", "{C3EE0D2D-2F86-6641-B96F-4EA7CE9F0070}"
EndProject
Global
	GlobalSection(SolutionConfigurationPlatforms) = preSolution
		Debug|Any CPU = Debug|Any CPU
		Release|Any CPU = Release|Any CPU
	EndGlobalSection
	GlobalSection(ProjectConfigurationPlatforms) = postSolution
		{A80EA484-158E-643F-05BE-E073F0DD142F}.Debug|Any CPU.ActiveCfg = Debug|Any CPU
		{A80EA484-158E-643F-05BE-E073F0DD142F}.Debug|Any CPU.Build.0 = Debug|Any CPU
		{A80EA484-158E-643F-05BE-E073F0DD142F}.Release|Any CPU.ActiveCfg = Release|Any CPU
		{A80EA484-158E-643F-05BE-E073F0DD142F}.Release|Any CPU.Build.0 = Release|Any CPU
		{C3EE0D2D-2F86-6641-B96F-4EA7CE9F0070}.Debug|Any CPU.ActiveCfg = Debug|Any CPU
		{C3EE0D2D-2F86-6641-B96F-4EA7CE9F0070}.Debug|Any CPU.Build.0 = Debug|Any CPU
		{C3EE0D2D-2F86-6641-B96F-4EA7CE9F0070}.Release|Any CPU.ActiveCfg = Release|Any CPU
		{C3EE0D2D-2F86-6641-B96F-4EA7CE9F0070}.Release|Any CPU.Build.0 = Release|Any CPU
	EndGlobalSection
	GlobalSection(SolutionProperties) = preSolution
		HideSolutionNode = FALSE
	EndGlobalSection
EndGlobal
