
Microsoft Visual Studio Solution File, Format Version 11.00
# Visual Studio 2010
Project("{FAE04EC0-301F-11D3-BF4B-00C04F79EFBC}") = "Assembly-CSharp", "Assembly-CSharp.csproj", "{0B07FF1B-52A4-41CF-D7B4-5AA41AFB3007}"
EndProject
Project("{FAE04EC0-301F-11D3-BF4B-00C04F79EFBC}") = "NavMeshComponents", "NavMeshComponents.csproj", "{EA0D0C79-7B27-EA3C-AF3F-869049011E01}"
EndProject
Project("{FAE04EC0-301F-11D3-BF4B-00C04F79EFBC}") = "NavMeshComponentsEditor", "NavMeshComponentsEditor.csproj", "{C00B7974-9599-56B2-CC62-AC6D9B2B7E9B}"
EndProject
Project("{FAE04EC0-301F-11D3-BF4B-00C04F79EFBC}") = "Assembly-CSharp-Editor", "Assembly-CSharp-Editor.csproj", "{B1F10860-A58B-9AC3-9383-B2EC7B640043}"
EndProject
Global
	GlobalSection(SolutionConfigurationPlatforms) = preSolution
		Debug|Any CPU = Debug|Any CPU
		Release|Any CPU = Release|Any CPU
	EndGlobalSection
	GlobalSection(ProjectConfigurationPlatforms) = postSolution
		{0B07FF1B-52A4-41CF-D7B4-5AA41AFB3007}.Debug|Any CPU.ActiveCfg = Debug|Any CPU
		{0B07FF1B-52A4-41CF-D7B4-5AA41AFB3007}.Debug|Any CPU.Build.0 = Debug|Any CPU
		{0B07FF1B-52A4-41CF-D7B4-5AA41AFB3007}.Release|Any CPU.ActiveCfg = Release|Any CPU
		{0B07FF1B-52A4-41CF-D7B4-5AA41AFB3007}.Release|Any CPU.Build.0 = Release|Any CPU
		{EA0D0C79-7B27-EA3C-AF3F-869049011E01}.Debug|Any CPU.ActiveCfg = Debug|Any CPU
		{EA0D0C79-7B27-EA3C-AF3F-869049011E01}.Debug|Any CPU.Build.0 = Debug|Any CPU
		{EA0D0C79-7B27-EA3C-AF3F-869049011E01}.Release|Any CPU.ActiveCfg = Release|Any CPU
		{EA0D0C79-7B27-EA3C-AF3F-869049011E01}.Release|Any CPU.Build.0 = Release|Any CPU
		{C00B7974-9599-56B2-CC62-AC6D9B2B7E9B}.Debug|Any CPU.ActiveCfg = Debug|Any CPU
		{C00B7974-9599-56B2-CC62-AC6D9B2B7E9B}.Debug|Any CPU.Build.0 = Debug|Any CPU
		{C00B7974-9599-56B2-CC62-AC6D9B2B7E9B}.Release|Any CPU.ActiveCfg = Release|Any CPU
		{C00B7974-9599-56B2-CC62-AC6D9B2B7E9B}.Release|Any CPU.Build.0 = Release|Any CPU
		{B1F10860-A58B-9AC3-9383-B2EC7B640043}.Debug|Any CPU.ActiveCfg = Debug|Any CPU
		{B1F10860-A58B-9AC3-9383-B2EC7B640043}.Debug|Any CPU.Build.0 = Debug|Any CPU
		{B1F10860-A58B-9AC3-9383-B2EC7B640043}.Release|Any CPU.ActiveCfg = Release|Any CPU
		{B1F10860-A58B-9AC3-9383-B2EC7B640043}.Release|Any CPU.Build.0 = Release|Any CPU
	EndGlobalSection
	GlobalSection(SolutionProperties) = preSolution
		HideSolutionNode = FALSE
	EndGlobalSection
	GlobalSection(MonoDevelopProperties) = preSolution
		StartupItem = Assembly-CSharp.csproj
	EndGlobalSection
EndGlobal
